// !$*UTF8*$!
{
	archiveVersion = 1;
	classes = {
	};
	objectVersion = 46;
	objects = {

/* Begin PBXBuildFile section */
		4A98FCC72048DE4B00326A5E /* main.m in Sources */ = {isa = PBXBuildFile; fileRef = 4A98FCC62048DE4B00326A5E /* main.m */; };
		4A98FCCA2048DE4B00326A5E /* AppDelegate.m in Sources */ = {isa = PBXBuildFile; fileRef = 4A98FCC92048DE4B00326A5E /* AppDelegate.m */; };
		4A98FCD02048DE4B00326A5E /* Main.storyboard in Resources */ = {isa = PBXBuildFile; fileRef = 4A98FCCE2048DE4B00326A5E /* Main.storyboard */; };
		4A98FCD22048DE4B00326A5E /* Assets.xcassets in Resources */ = {isa = PBXBuildFile; fileRef = 4A98FCD12048DE4B00326A5E /* Assets.xcassets */; };
		4A98FCD52048DE4B00326A5E /* LaunchScreen.storyboard in Resources */ = {isa = PBXBuildFile; fileRef = 4A98FCD32048DE4B00326A5E /* LaunchScreen.storyboard */; };
		4A98FCDE2048E60600326A5E /* HOMEViewController.m in Sources */ = {isa = PBXBuildFile; fileRef = 4A98FCDD2048E60600326A5E /* HOMEViewController.m */; };
		4A98FCE42048E84800326A5E /* nsOperation.m in Sources */ = {isa = PBXBuildFile; fileRef = 4A98FCE32048E84800326A5E /* nsOperation.m */; };
		4A98FCE72048F0F700326A5E /* recordData.m in Sources */ = {isa = PBXBuildFile; fileRef = 4A98FCE62048F0F700326A5E /* recordData.m */; };
		4A98FCEA204974AF00326A5E /* iRequest.m in Sources */ = {isa = PBXBuildFile; fileRef = 4A98FCE9204974AF00326A5E /* iRequest.m */; };
		4A98FCEC204995AF00326A5E /* 12.png in Resources */ = {isa = PBXBuildFile; fileRef = 4A98FCEB204995AF00326A5E /* 12.png */; };
/* End PBXBuildFile section */

/* Begin PBXFileReference section */
		4A98FCC22048DE4B00326A5E /* Closeur_withAPI.app */ = {isa = PBXFileReference; explicitFileType = wrapper.application; includeInIndex = 0; path = Closeur_withAPI.app; sourceTree = BUILT_PRODUCTS_DIR; };
		4A98FCC62048DE4B00326A5E /* main.m */ = {isa = PBXFileReference; lastKnownFileType = sourcecode.c.objc; path = main.m; sourceTree = "<group>"; };
		4A98FCC82048DE4B00326A5E /* AppDelegate.h */ = {isa = PBXFileReference; lastKnownFileType = sourcecode.c.h; path = AppDelegate.h; sourceTree = "<group>"; };
		4A98FCC92048DE4B00326A5E /* AppDelegate.m */ = {isa = PBXFileReference; lastKnownFileType = sourcecode.c.objc; path = AppDelegate.m; sourceTree = "<group>"; };
		4A98FCCF2048DE4B00326A5E /* Base */ = {isa = PBXFileReference; lastKnownFileType = file.storyboard; name = Base; path = Base.lproj/Main.storyboard; sourceTree = "<group>"; };
		4A98FCD12048DE4B00326A5E /* Assets.xcassets */ = {isa = PBXFileReference; lastKnownFileType = folder.assetcatalog; path = Assets.xcassets; sourceTree = "<group>"; };
		4A98FCD42048DE4B00326A5E /* Base */ = {isa = PBXFileReference; lastKnownFileType = file.storyboard; name = Base; path = Base.lproj/LaunchScreen.storyboard; sourceTree = "<group>"; };
		4A98FCD62048DE4B00326A5E /* Info.plist */ = {isa = PBXFileReference; lastKnownFileType = text.plist.xml; path = Info.plist; sourceTree = "<group>"; };
		4A98FCDC2048E60600326A5E /* HOMEViewController.h */ = {isa = PBXFileReference; fileEncoding = 4; lastKnownFileType = sourcecode.c.h; path = HOMEViewController.h; sourceTree = "<group>"; };
		4A98FCDD2048E60600326A5E /* HOMEViewController.m */ = {isa = PBXFileReference; fileEncoding = 4; lastKnownFileType = sourcecode.c.objc; path = HOMEViewController.m; sourceTree = "<group>"; };
		4A98FCE22048E84800326A5E /* nsOperation.h */ = {isa = PBXFileReference; fileEncoding = 4; lastKnownFileType = sourcecode.c.h; path = nsOperation.h; sourceTree = "<group>"; };
		4A98FCE32048E84800326A5E /* nsOperation.m */ = {isa = PBXFileReference; fileEncoding = 4; lastKnownFileType = sourcecode.c.objc; path = nsOperation.m; sourceTree = "<group>"; };
		4A98FCE52048F0F700326A5E /* recordData.h */ = {isa = PBXFileReference; fileEncoding = 4; lastKnownFileType = sourcecode.c.h; path = recordData.h; sourceTree = "<group>"; };
		4A98FCE62048F0F700326A5E /* recordData.m */ = {isa = PBXFileReference; fileEncoding = 4; lastKnownFileType = sourcecode.c.objc; path = recordData.m; sourceTree = "<group>"; };
		4A98FCE8204974AF00326A5E /* iRequest.h */ = {isa = PBXFileReference; fileEncoding = 4; lastKnownFileType = sourcecode.c.h; path = iRequest.h; sourceTree = "<group>"; };
		4A98FCE9204974AF00326A5E /* iRequest.m */ = {isa = PBXFileReference; fileEncoding = 4; lastKnownFileType = sourcecode.c.objc; path = iRequest.m; sourceTree = "<group>"; };
		4A98FCEB204995AF00326A5E /* 12.png */ = {isa = PBXFileReference; lastKnownFileType = image.png; name = 12.png; path = ../../../12.png; sourceTree = "<group>"; };
/* End PBXFileReference section */

/* Begin PBXFrameworksBuildPhase section */
		4A98FCBF2048DE4B00326A5E /* Frameworks */ = {
			isa = PBXFrameworksBuildPhase;
			buildActionMask = 2147483647;
			files = (
			);
			runOnlyForDeploymentPostprocessing = 0;
		};
/* End PBXFrameworksBuildPhase section */

/* Begin PBXGroup section */
		4A98FCB92048DE4B00326A5E = {
			isa = PBXGroup;
			children = (
				4A98FCC42048DE4B00326A5E /* Closeur_withAPI */,
				4A98FCC32048DE4B00326A5E /* Products */,
			);
			sourceTree = "<group>";
		};
		4A98FCC32048DE4B00326A5E /* Products */ = {
			isa = PBXGroup;
			children = (
				4A98FCC22048DE4B00326A5E /* Closeur_withAPI.app */,
			);
			name = Products;
			sourceTree = "<group>";
		};
		4A98FCC42048DE4B00326A5E /* Closeur_withAPI */ = {
			isa = PBXGroup;
			children = (
				4A98FCDF2048E60C00326A5E /* iCore */,
				4A98FCE12048E80200326A5E /* Model */,
				4A98FCE02048E7DE00326A5E /* View */,
				4A98FCC52048DE4B00326A5E /* Supporting Files */,
			);
			path = Closeur_withAPI;
			sourceTree = "<group>";
		};
		4A98FCC52048DE4B00326A5E /* Supporting Files */ = {
			isa = PBXGroup;
			children = (
				4A98FCD12048DE4B00326A5E /* Assets.xcassets */,
				4A98FCCE2048DE4B00326A5E /* Main.storyboard */,
				4A98FCD32048DE4B00326A5E /* LaunchScreen.storyboard */,
				4A98FCD62048DE4B00326A5E /* Info.plist */,
				4A98FCC62048DE4B00326A5E /* main.m */,
			);
			name = "Supporting Files";
			sourceTree = "<group>";
		};
		4A98FCDF2048E60C00326A5E /* iCore */ = {
			isa = PBXGroup;
			children = (
				4A98FCC82048DE4B00326A5E /* AppDelegate.h */,
				4A98FCC92048DE4B00326A5E /* AppDelegate.m */,
			);
			name = iCore;
			sourceTree = "<group>";
		};
		4A98FCE02048E7DE00326A5E /* View */ = {
			isa = PBXGroup;
			children = (
				4A98FCDC2048E60600326A5E /* HOMEViewController.h */,
				4A98FCDD2048E60600326A5E /* HOMEViewController.m */,
				4A98FCE8204974AF00326A5E /* iRequest.h */,
				4A98FCE9204974AF00326A5E /* iRequest.m */,
				4A98FCEB204995AF00326A5E /* 12.png */,
			);
			name = View;
			sourceTree = "<group>";
		};
		4A98FCE12048E80200326A5E /* Model */ = {
			isa = PBXGroup;
			children = (
				4A98FCE52048F0F700326A5E /* recordData.h */,
				4A98FCE62048F0F700326A5E /* recordData.m */,
				4A98FCE22048E84800326A5E /* nsOperation.h */,
				4A98FCE32048E84800326A5E /* nsOperation.m */,
			);
			name = Model;
			sourceTree = "<group>";
		};
/* End PBXGroup section */

/* Begin PBXNativeTarget section */
		4A98FCC12048DE4B00326A5E /* Closeur_withAPI */ = {
			isa = PBXNativeTarget;
			buildConfigurationList = 4A98FCD92048DE4B00326A5E /* Build configuration list for PBXNativeTarget "Closeur_withAPI" */;
			buildPhases = (
				4A98FCBE2048DE4B00326A5E /* Sources */,
				4A98FCBF2048DE4B00326A5E /* Frameworks */,
				4A98FCC02048DE4B00326A5E /* Resources */,
			);
			buildRules = (
			);
			dependencies = (
			);
			name = Closeur_withAPI;
			productName = Closeur_withAPI;
			productReference = 4A98FCC22048DE4B00326A5E /* Closeur_withAPI.app */;
			productType = "com.apple.product-type.application";
		};
/* End PBXNativeTarget section */

/* Begin PBXProject section */
		4A98FCBA2048DE4B00326A5E /* Project object */ = {
			isa = PBXProject;
			attributes = {
				LastUpgradeCheck = 0820;
				ORGANIZATIONNAME = "iDev Bao";
				TargetAttributes = {
					4A98FCC12048DE4B00326A5E = {
						CreatedOnToolsVersion = 8.2.1;
						DevelopmentTeam = 93L9L9RF27;
						ProvisioningStyle = Automatic;
					};
				};
			};
			buildConfigurationList = 4A98FCBD2048DE4B00326A5E /* Build configuration list for PBXProject "Closeur_withAPI" */;
			compatibilityVersion = "Xcode 3.2";
			developmentRegion = English;
			hasScannedForEncodings = 0;
			knownRegions = (
				en,
				Base,
			);
			mainGroup = 4A98FCB92048DE4B00326A5E;
			productRefGroup = 4A98FCC32048DE4B00326A5E /* Products */;
			projectDirPath = "";
			projectRoot = "";
			targets = (
				4A98FCC12048DE4B00326A5E /* Closeur_withAPI */,
			);
		};
/* End PBXProject section */

/* Begin PBXResourcesBuildPhase section */
		4A98FCC02048DE4B00326A5E /* Resources */ = {
			isa = PBXResourcesBuildPhase;
			buildActionMask = 2147483647;
			files = (
				4A98FCEC204995AF00326A5E /* 12.png in Resources */,
				4A98FCD52048DE4B00326A5E /* LaunchScreen.storyboard in Resources */,
				4A98FCD22048DE4B00326A5E /* Assets.xcassets in Resources */,
				4A98FCD02048DE4B00326A5E /* Main.storyboard in Resources */,
			);
			runOnlyForDeploymentPostprocessing = 0;
		};
/* End PBXResourcesBuildPhase section */

/* Begin PBXSourcesBuildPhase section */
		4A98FCBE2048DE4B00326A5E /* Sources */ = {
			isa = PBXSourcesBuildPhase;
			buildActionMask = 2147483647;
			files = (
				4A98FCDE2048E60600326A5E /* HOMEViewController.m in Sources */,
				4A98FCCA2048DE4B00326A5E /* AppDelegate.m in Sources */,
				4A98FCE42048E84800326A5E /* nsOperation.m in Sources */,
				4A98FCE72048F0F700326A5E /* recordData.m in Sources */,
				4A98FCC72048DE4B00326A5E /* main.m in Sources */,
				4A98FCEA204974AF00326A5E /* iRequest.m in Sources */,
			);
			runOnlyForDeploymentPostprocessing = 0;
		};
/* End PBXSourcesBuildPhase section */

/* Begin PBXVariantGroup section */
		4A98FCCE2048DE4B00326A5E /* Main.storyboard */ = {
			isa = PBXVariantGroup;
			children = (
				4A98FCCF2048DE4B00326A5E /* Base */,
			);
			name = Main.storyboard;
			sourceTree = "<group>";
		};
		4A98FCD32048DE4B00326A5E /* LaunchScreen.storyboard */ = {
			isa = PBXVariantGroup;
			children = (
				4A98FCD42048DE4B00326A5E /* Base */,
			);
			name = LaunchScreen.storyboard;
			sourceTree = "<group>";
		};
/* End PBXVariantGroup section */

/* Begin XCBuildConfiguration section */
		4A98FCD72048DE4B00326A5E /* Debug */ = {
			isa = XCBuildConfiguration;
			buildSettings = {
				ALWAYS_SEARCH_USER_PATHS = NO;
				CLANG_ANALYZER_NONNULL = YES;
				CLANG_CXX_LANGUAGE_STANDARD = "gnu++0x";
				CLANG_CXX_LIBRARY = "libc++";
				CLANG_ENABLE_MODULES = YES;
				CLANG_ENABLE_OBJC_ARC = YES;
				CLANG_WARN_BOOL_CONVERSION = YES;
				CLANG_WARN_CONSTANT_CONVERSION = YES;
				CLANG_WARN_DIRECT_OBJC_ISA_USAGE = YES_ERROR;
				CLANG_WARN_DOCUMENTATION_COMMENTS = YES;
				CLANG_WARN_EMPTY_BODY = YES;
				CLANG_WARN_ENUM_CONVERSION = YES;
				CLANG_WARN_INFINITE_RECURSION = YES;
				CLANG_WARN_INT_CONVERSION = YES;
				CLANG_WARN_OBJC_ROOT_CLASS = YES_ERROR;
				CLANG_WARN_SUSPICIOUS_MOVE = YES;
				CLANG_WARN_UNREACHABLE_CODE = YES;
				CLANG_WARN__DUPLICATE_METHOD_MATCH = YES;
				"CODE_SIGN_IDENTITY[sdk=iphoneos*]" = "iPhone Developer";
				COPY_PHASE_STRIP = NO;
				DEBUG_INFORMATION_FORMAT = dwarf;
				ENABLE_STRICT_OBJC_MSGSEND = YES;
				ENABLE_TESTABILITY = YES;
				GCC_C_LANGUAGE_STANDARD = gnu99;
				GCC_DYNAMIC_NO_PIC = NO;
				GCC_NO_COMMON_BLOCKS = YES;
				GCC_OPTIMIZATION_LEVEL = 0;
				GCC_PREPROCESSOR_DEFINITIONS = (
					"DEBUG=1",
					"$(inherited)",
				);
				GCC_WARN_64_TO_32_BIT_CONVERSION = YES;
				GCC_WARN_ABOUT_RETURN_TYPE = YES_ERROR;
				GCC_WARN_UNDECLARED_SELECTOR = YES;
				GCC_WARN_UNINITIALIZED_AUTOS = YES_AGGRESSIVE;
				GCC_WARN_UNUSED_FUNCTION = YES;
				GCC_WARN_UNUSED_VARIABLE = YES;
				IPHONEOS_DEPLOYMENT_TARGET = 10.2;
				MTL_ENABLE_DEBUG_INFO = YES;
				ONLY_ACTIVE_ARCH = YES;
				SDKROOT = iphoneos;
			};
			name = Debug;
		};
		4A98FCD82048DE4B00326A5E /* Release */ = {
			isa = XCBuildConfiguration;
			buildSettings = {
				ALWAYS_SEARCH_USER_PATHS = NO;
				CLANG_ANALYZER_NONNULL = YES;
				CLANG_CXX_LANGUAGE_STANDARD = "gnu++0x";
				CLANG_CXX_LIBRARY = "libc++";
				CLANG_ENABLE_MODULES = YES;
				CLANG_ENABLE_OBJC_ARC = YES;
				CLANG_WARN_BOOL_CONVERSION = YES;
				CLANG_WARN_CONSTANT_CONVERSION = YES;
				CLANG_WARN_DIRECT_OBJC_ISA_USAGE = YES_ERROR;
				CLANG_WARN_DOCUMENTATION_COMMENTS = YES;
				CLANG_WARN_EMPTY_BODY = YES;
				CLANG_WARN_ENUM_CONVERSION = YES;
				CLANG_WARN_INFINITE_RECURSION = YES;
				CLANG_WARN_INT_CONVERSION = YES;
				CLANG_WARN_OBJC_ROOT_CLASS = YES_ERROR;
				CLANG_WARN_SUSPICIOUS_MOVE = YES;
				CLANG_WARN_UNREACHABLE_CODE = YES;
				CLANG_WARN__DUPLICATE_METHOD_MATCH = YES;
				"CODE_SIGN_IDENTITY[sdk=iphoneos*]" = "iPhone Developer";
				COPY_PHASE_STRIP = NO;
				DEBUG_INFORMATION_FORMAT = "dwarf-with-dsym";
				ENABLE_NS_ASSERTIONS = NO;
				ENABLE_STRICT_OBJC_MSGSEND = YES;
				GCC_C_LANGUAGE_STANDARD = gnu99;
				GCC_NO_COMMON_BLOCKS = YES;
				GCC_WARN_64_TO_32_BIT_CONVERSION = YES;
				GCC_WARN_ABOUT_RETURN_TYPE = YES_ERROR;
				GCC_WARN_UNDECLARED_SELECTOR = YES;
				GCC_WARN_UNINITIALIZED_AUTOS = YES_AGGRESSIVE;
				GCC_WARN_UNUSED_FUNCTION = YES;
				GCC_WARN_UNUSED_VARIABLE = YES;
				IPHONEOS_DEPLOYMENT_TARGET = 10.2;
				MTL_ENABLE_DEBUG_INFO = NO;
				SDKROOT = iphoneos;
				VALIDATE_PRODUCT = YES;
			};
			name = Release;
		};
		4A98FCDA2048DE4B00326A5E /* Debug */ = {
			isa = XCBuildConfiguration;
			buildSettings = {
				ASSETCATALOG_COMPILER_APPICON_NAME = AppIcon;
				DEVELOPMENT_TEAM = 93L9L9RF27;
				INFOPLIST_FILE = Closeur_withAPI/Info.plist;
				LD_RUNPATH_SEARCH_PATHS = "$(inherited) @executable_path/Frameworks";
				PRODUCT_BUNDLE_IDENTIFIER = "com.idevbao.Closeur-withAPI";
				PRODUCT_NAME = "$(TARGET_NAME)";
			};
			name = Debug;
		};
		4A98FCDB2048DE4B00326A5E /* Release */ = {
			isa = XCBuildConfiguration;
			buildSettings = {
				ASSETCATALOG_COMPILER_APPICON_NAME = AppIcon;
				DEVELOPMENT_TEAM = 93L9L9RF27;
				INFOPLIST_FILE = Closeur_withAPI/Info.plist;
				LD_RUNPATH_SEARCH_PATHS = "$(inherited) @executable_path/Frameworks";
				PRODUCT_BUNDLE_IDENTIFIER = "com.idevbao.Closeur-withAPI";
				PRODUCT_NAME = "$(TARGET_NAME)";
			};
			name = Release;
		};
/* End XCBuildConfiguration section */

/* Begin XCConfigurationList section */
		4A98FCBD2048DE4B00326A5E /* Build configuration list for PBXProject "Closeur_withAPI" */ = {
			isa = XCConfigurationList;
			buildConfigurations = (
				4A98FCD72048DE4B00326A5E /* Debug */,
				4A98FCD82048DE4B00326A5E /* Release */,
			);
			defaultConfigurationIsVisible = 0;
			defaultConfigurationName = Release;
		};
		4A98FCD92048DE4B00326A5E /* Build configuration list for PBXNativeTarget "Closeur_withAPI" */ = {
			isa = XCConfigurationList;
			buildConfigurations = (
				4A98FCDA2048DE4B00326A5E /* Debug */,
				4A98FCDB2048DE4B00326A5E /* Release */,
			);
			defaultConfigurationIsVisible = 0;
			defaultConfigurationName = Release;
		};
/* End XCConfigurationList section */
	};
	rootObject = 4A98FCBA2048DE4B00326A5E /* Project object */;
}
